
Microsoft Visual Studio Solution File, Format Version 12.00
# Visual Studio 15
VisualStudioVersion = 15.0.27703.2035
MinimumVisualStudioVersion = 10.0.40219.1
Project("{FAE04EC0-301F-11D3-BF4B-00C04F79EFBC}") = "VidlyNeww", "VidlyNeww\VidlyNeww.csproj", "{0CA80074-E419-4536-BEAC-6ED9B8CB87D6}"
EndProject
Global
	GlobalSection(SolutionConfigurationPlatforms) = preSolution
		Debug|Any CPU = Debug|Any CPU
		Release|Any CPU = Release|Any CPU
	EndGlobalSection
	GlobalSection(ProjectConfigurationPlatforms) = postSolution
		{0CA80074-E419-4536-BEAC-6ED9B8CB87D6}.Debug|Any CPU.ActiveCfg = Debug|Any CPU
		{0CA80074-E419-4536-BEAC-6ED9B8CB87D6}.Debug|Any CPU.Build.0 = Debug|Any CPU
		{0CA80074-E419-4536-BEAC-6ED9B8CB87D6}.Release|Any CPU.ActiveCfg = Release|Any CPU
		{0CA80074-E419-4536-BEAC-6ED9B8CB87D6}.Release|Any CPU.Build.0 = Release|Any CPU
	EndGlobalSection
	GlobalSection(SolutionProperties) = preSolution
		HideSolutionNode = FALSE
	EndGlobalSection
	GlobalSection(ExtensibilityGlobals) = postSolution
		SolutionGuid = {698A5303-D882-43EC-A5E7-92B80E9018B8}
	EndGlobalSection
EndGlobal
